{
	"name": "fourier",
	"version": "1.0.0",
	"lockfileVersion": 1,
	"requires": true,
	"dependencies": {
		"a-weighting": {
			"version": "1.1.0",
			"resolved": "https://registry.npmjs.org/a-weighting/-/a-weighting-1.1.0.tgz",
			"integrity": "sha1-6QtdvasVE7dL6fBRzlnWatyo2qo="
		},
		"acorn": {
			"version": "5.7.3",
			"resolved": "https://registry.npmjs.org/acorn/-/acorn-5.7.3.tgz",
			"integrity": "sha512-T/zvzYRfbVojPWahDsE5evJdHb3oJoQfFbsrKM7w5Zcs++Tr257tia3BmMP8XYVjp1S9RZXQMh7gao96BlqZOw=="
		},
		"almost-equal": {
			"version": "1.1.0",
			"resolved": "https://registry.npmjs.org/almost-equal/-/almost-equal-1.1.0.tgz",
			"integrity": "sha1-+FHGMROHV5lCdqou++jfowZszN0="
		},
		"brfs": {
			"version": "1.6.1",
			"resolved": "https://registry.npmjs.org/brfs/-/brfs-1.6.1.tgz",
			"integrity": "sha512-OfZpABRQQf+Xsmju8XE9bDjs+uU4vLREGolP7bDgcpsI17QREyZ4Bl+2KLxxx1kCgA0fAIhKQBaBYh+PEcCqYQ==",
			"requires": {
				"quote-stream": "^1.0.1",
				"resolve": "^1.1.5",
				"static-module": "^2.2.0",
				"through2": "^2.0.0"
			}
		},
		"buffer-equal": {
			"version": "0.0.1",
			"resolved": "https://registry.npmjs.org/buffer-equal/-/buffer-equal-0.0.1.tgz",
			"integrity": "sha1-kbx0sR6kBbyRa8aqkI+q+ltKrEs="
		},
		"buffer-from": {
			"version": "1.1.1",
			"resolved": "https://registry.npmjs.org/buffer-from/-/buffer-from-1.1.1.tgz",
			"integrity": "sha512-MQcXEUbCKtEo7bhqEs6560Hyd4XaovZlO/k9V3hjVUF/zwW7KBVdSK4gIt/bzwS9MbR5qob+F5jusZsb0YQK2A=="
		},
		"canvas-fit": {
			"version": "1.5.0",
			"resolved": "https://registry.npmjs.org/canvas-fit/-/canvas-fit-1.5.0.tgz",
			"integrity": "sha1-rhO+Zq3kL1vg5IfjRfzjCl5bXl8=",
			"requires": {
				"element-size": "^1.1.1"
			}
		},
		"canvas-loop": {
			"version": "1.0.7",
			"resolved": "https://registry.npmjs.org/canvas-loop/-/canvas-loop-1.0.7.tgz",
			"integrity": "sha1-2+Ywnc5QuTT8d5+V+Kq1xJvins0=",
			"requires": {
				"canvas-fit": "^1.4.0",
				"raf-loop": "^1.1.0"
			}
		},
		"chart.js": {
			"version": "2.7.3",
			"resolved": "https://registry.npmjs.org/chart.js/-/chart.js-2.7.3.tgz",
			"integrity": "sha512-3+7k/DbR92m6BsMUYP6M0dMsMVZpMnwkUyNSAbqolHKsbIzH2Q4LWVEHHYq7v0fmEV8whXE0DrjANulw9j2K5g==",
			"requires": {
				"chartjs-color": "^2.1.0",
				"moment": "^2.10.2"
			}
		},
		"chartjs-color": {
			"version": "2.2.0",
			"resolved": "https://registry.npmjs.org/chartjs-color/-/chartjs-color-2.2.0.tgz",
			"integrity": "sha1-hKL7dVeH7YXDndbdjHsdiEKbrq4=",
			"requires": {
				"chartjs-color-string": "^0.5.0",
				"color-convert": "^0.5.3"
			}
		},
		"chartjs-color-string": {
			"version": "0.5.0",
			"resolved": "https://registry.npmjs.org/chartjs-color-string/-/chartjs-color-string-0.5.0.tgz",
			"integrity": "sha512-amWNvCOXlOUYxZVDSa0YOab5K/lmEhbFNKI55PWc4mlv28BDzA7zaoQTGxSBgJMHIW+hGX8YUrvw/FH4LyhwSQ==",
			"requires": {
				"color-name": "^1.0.0"
			}
		},
		"clamp": {
			"version": "1.0.1",
			"resolved": "https://registry.npmjs.org/clamp/-/clamp-1.0.1.tgz",
			"integrity": "sha1-ZqDmQBGBbjcZaCj9yMjBRzEshjQ="
		},
		"color-alpha": {
			"version": "1.0.3",
			"resolved": "https://registry.npmjs.org/color-alpha/-/color-alpha-1.0.3.tgz",
			"integrity": "sha512-ap5UCPpnpsSQu09ccl/5cNQDJlSFvkuXHMBY1+1vu6iKj6H9zw7Sz852snsETFsrYlPUnvTByCFAnYVynKJb9A==",
			"requires": {
				"color-parse": "^1.2.0"
			}
		},
		"color-convert": {
			"version": "0.5.3",
			"resolved": "https://registry.npmjs.org/color-convert/-/color-convert-0.5.3.tgz",
			"integrity": "sha1-vbbGnOZg+t/+CwAHzER+G59ygr0="
		},
		"color-interpolate": {
			"version": "1.0.4",
			"resolved": "https://registry.npmjs.org/color-interpolate/-/color-interpolate-1.0.4.tgz",
			"integrity": "sha512-U2T87VEjGA+oRQP4DIifi+QpXGQUEo2fpsr02IVkrFH1K9gBDWDTudZkjRpLbGd1bIrr1yfgd57gAKlLnbaquw==",
			"requires": {
				"clamp": "^1.0.1",
				"color-parse": "^1.2.0",
				"color-space": "^1.14.3",
				"lerp": "^1.0.3"
			}
		},
		"color-name": {
			"version": "1.1.4",
			"resolved": "https://registry.npmjs.org/color-name/-/color-name-1.1.4.tgz",
			"integrity": "sha512-dOy+3AuW3a2wNbZHIuMZpTcgjGuLU/uBL/ubcZF9OXbDo8ff4O8yVp5Bf0efS8uEoYo5q4Fx7dY9OgQGXgAsQA=="
		},
		"color-parse": {
			"version": "1.3.7",
			"resolved": "https://registry.npmjs.org/color-parse/-/color-parse-1.3.7.tgz",
			"integrity": "sha512-8G6rPfyTZhWYKU7D2hwywTjA4YlqX/Z7ClqTEzh5ENc5QkLOff0u8EuyNZR6xScEBhWpAyiDrrVGNUE/Btg2LA==",
			"requires": {
				"color-name": "^1.0.0",
				"defined": "^1.0.0",
				"is-plain-obj": "^1.1.0"
			}
		},
		"color-rgba": {
			"version": "1.1.1",
			"resolved": "https://registry.npmjs.org/color-rgba/-/color-rgba-1.1.1.tgz",
			"integrity": "sha1-7tmTpCl4gPRKd8LWKy9uungQHXg=",
			"requires": {
				"clamp": "^1.0.1",
				"color-parse": "^1.3.4",
				"color-space": "^1.14.6"
			}
		},
		"color-space": {
			"version": "1.16.0",
			"resolved": "https://registry.npmjs.org/color-space/-/color-space-1.16.0.tgz",
			"integrity": "sha512-A6WMiFzunQ8KEPFmj02OnnoUnqhmSaHaZ/0LVFcPTdlvm8+3aMJ5x1HRHy3bDHPkovkf4sS0f4wsVvwk71fKkg==",
			"requires": {
				"hsluv": "^0.0.3",
				"mumath": "^3.3.4"
			}
		},
		"concat-stream": {
			"version": "1.6.2",
			"resolved": "https://registry.npmjs.org/concat-stream/-/concat-stream-1.6.2.tgz",
			"integrity": "sha512-27HBghJxjiZtIk3Ycvn/4kbJk/1uZuJFfuPEns6LaEvpvG1f0hTea8lilrouyo9mVc2GWdcEZ8OLoGmSADlrCw==",
			"requires": {
				"buffer-from": "^1.0.0",
				"inherits": "^2.0.3",
				"readable-stream": "^2.2.2",
				"typedarray": "^0.0.6"
			}
		},
		"convert-source-map": {
			"version": "1.6.0",
			"resolved": "https://registry.npmjs.org/convert-source-map/-/convert-source-map-1.6.0.tgz",
			"integrity": "sha512-eFu7XigvxdZ1ETfbgPBohgyQ/Z++C0eEhTor0qRwBw9unw+L0/6V8wkSuGgzdThkiS5lSpdptOQPD8Ak40a+7A==",
			"requires": {
				"safe-buffer": "~5.1.1"
			}
		},
		"core-util-is": {
			"version": "1.0.2",
			"resolved": "https://registry.npmjs.org/core-util-is/-/core-util-is-1.0.2.tgz",
			"integrity": "sha1-tf1UIgqivFq1eqtxQMlAdUUDwac="
		},
		"decibels": {
			"version": "2.0.0",
			"resolved": "https://registry.npmjs.org/decibels/-/decibels-2.0.0.tgz",
			"integrity": "sha1-DQZFdDGbJjwYeMXv+5rScmEKfo0="
		},
		"deep-is": {
			"version": "0.1.3",
			"resolved": "https://registry.npmjs.org/deep-is/-/deep-is-0.1.3.tgz",
			"integrity": "sha1-s2nW+128E+7PUk+RsHD+7cNXzzQ="
		},
		"defined": {
			"version": "1.0.0",
			"resolved": "https://registry.npmjs.org/defined/-/defined-1.0.0.tgz",
			"integrity": "sha1-yY2bzvdWdBiOEQlpFRGZ45sfppM="
		},
		"dprop": {
			"version": "1.0.0",
			"resolved": "https://registry.npmjs.org/dprop/-/dprop-1.0.0.tgz",
			"integrity": "sha1-X0WmCmD6OsHQ9otrQ1gx8v9mVGg="
		},
		"duplexer2": {
			"version": "0.1.4",
			"resolved": "https://registry.npmjs.org/duplexer2/-/duplexer2-0.1.4.tgz",
			"integrity": "sha1-ixLauHjA1p4+eJEFFmKjL8a93ME=",
			"requires": {
				"readable-stream": "^2.0.2"
			}
		},
		"element-size": {
			"version": "1.1.1",
			"resolved": "https://registry.npmjs.org/element-size/-/element-size-1.1.1.tgz",
			"integrity": "sha1-ZOXxWdlxIWMYRby67K8nnDm1404="
		},
		"escodegen": {
			"version": "1.9.1",
			"resolved": "https://registry.npmjs.org/escodegen/-/escodegen-1.9.1.tgz",
			"integrity": "sha512-6hTjO1NAWkHnDk3OqQ4YrCuwwmGHL9S3nPlzBOUG/R44rda3wLNrfvQ5fkSGjyhHFKM7ALPKcKGrwvCLe0lC7Q==",
			"requires": {
				"esprima": "^3.1.3",
				"estraverse": "^4.2.0",
				"esutils": "^2.0.2",
				"optionator": "^0.8.1",
				"source-map": "~0.6.1"
			}
		},
		"esprima": {
			"version": "3.1.3",
			"resolved": "https://registry.npmjs.org/esprima/-/esprima-3.1.3.tgz",
			"integrity": "sha1-/cpRzuYTOJXjyI1TXOSdv/YqRjM="
		},
		"estraverse": {
			"version": "4.2.0",
			"resolved": "https://registry.npmjs.org/estraverse/-/estraverse-4.2.0.tgz",
			"integrity": "sha1-De4/7TH81GlhjOc0IJn8GvoL2xM="
		},
		"esutils": {
			"version": "2.0.2",
			"resolved": "https://registry.npmjs.org/esutils/-/esutils-2.0.2.tgz",
			"integrity": "sha1-Cr9PHKpbyx96nYrMbepPqqBLrJs="
		},
		"events": {
			"version": "1.1.1",
			"resolved": "http://registry.npmjs.org/events/-/events-1.1.1.tgz",
			"integrity": "sha1-nr23Y1rQmccNzEwqH1AEKI6L2SQ="
		},
		"falafel": {
			"version": "2.1.0",
			"resolved": "https://registry.npmjs.org/falafel/-/falafel-2.1.0.tgz",
			"integrity": "sha1-lrsXdh2rqU9G0AFzizzt86Z/4Gw=",
			"requires": {
				"acorn": "^5.0.0",
				"foreach": "^2.0.5",
				"isarray": "0.0.1",
				"object-keys": "^1.0.6"
			},
			"dependencies": {
				"isarray": {
					"version": "0.0.1",
					"resolved": "https://registry.npmjs.org/isarray/-/isarray-0.0.1.tgz",
					"integrity": "sha1-ihis/Kmo9Bd+Cav8YDiTmwXR7t8="
				}
			}
		},
		"fast-levenshtein": {
			"version": "2.0.6",
			"resolved": "https://registry.npmjs.org/fast-levenshtein/-/fast-levenshtein-2.0.6.tgz",
			"integrity": "sha1-PYpcZog6FqMMqGQ+hR8Zuqd5eRc="
		},
		"foreach": {
			"version": "2.0.5",
			"resolved": "https://registry.npmjs.org/foreach/-/foreach-2.0.5.tgz",
			"integrity": "sha1-C+4AUBiusmDQo6865ljdATbsG5k="
		},
		"fourier-transform": {
			"version": "1.1.2",
			"resolved": "https://registry.npmjs.org/fourier-transform/-/fourier-transform-1.1.2.tgz",
			"integrity": "sha1-U5J876hpWOsf0hSK9GxtP8Xnm2Q="
		},
		"function-bind": {
			"version": "1.1.1",
			"resolved": "https://registry.npmjs.org/function-bind/-/function-bind-1.1.1.tgz",
			"integrity": "sha512-yIovAzMX49sF8Yl58fSCWJ5svSLuaibPxXQJFLmBObTuCr0Mf1KiPopGM9NiFjiYBCbfaa2Fh6breQ6ANVTI0A=="
		},
		"get-canvas-context": {
			"version": "1.0.2",
			"resolved": "https://registry.npmjs.org/get-canvas-context/-/get-canvas-context-1.0.2.tgz",
			"integrity": "sha1-1ue1C8TkyGNXzTnyJkeoS3NgHpM="
		},
		"gl-spectrum": {
			"version": "3.2.6",
			"resolved": "https://registry.npmjs.org/gl-spectrum/-/gl-spectrum-3.2.6.tgz",
			"integrity": "sha512-upd917PS6fwZePf6cRlZr/kdJCX1Hwsyng9t71xmmx2SxjWL/2qUkBPxTJiWdY2tG7w1Y/f5KKUJz3WeOt+o4Q==",
			"requires": {
				"a-weighting": "^1.1.0",
				"canvas-loop": "^1.0.7",
				"clamp": "^1.0.1",
				"color-interpolate": "^1.0.2",
				"color-parse": "^1.2.0",
				"color-rgba": "^1.1.0",
				"gl-util": "^1.1.6",
				"inherits": "^2.0.1",
				"is-browser": "^2.0.1",
				"is-plain-obj": "^1.1.0",
				"mumath": "^3.3.4",
				"object-assign": "^4.1.0",
				"pan-zoom": "^2.0.0",
				"plot-grid": "^2.4.2",
				"pretty-number": "^1.0.7"
			}
		},
		"gl-util": {
			"version": "1.1.6",
			"resolved": "http://registry.npmjs.org/gl-util/-/gl-util-1.1.6.tgz",
			"integrity": "sha1-lLX7bCkwkrt6CaNoEFRvMb9O5Qo=",
			"requires": {
				"is-browser": "^2.0.1",
				"is-firefox": "^1.0.3",
				"is-plain-obj": "^1.1.0",
				"number-is-integer": "^1.0.1",
				"object-assign": "^4.1.0",
				"weakmap-shim": "^1.1.0",
				"webgl-context": "^2.2.0"
			}
		},
		"gl-vec2": {
			"version": "1.3.0",
			"resolved": "https://registry.npmjs.org/gl-vec2/-/gl-vec2-1.3.0.tgz",
			"integrity": "sha512-YiqaAuNsheWmUV0Sa8k94kBB0D6RWjwZztyO+trEYS8KzJ6OQB/4686gdrf59wld4hHFIvaxynO3nRxpk1Ij/A=="
		},
		"has": {
			"version": "1.0.3",
			"resolved": "https://registry.npmjs.org/has/-/has-1.0.3.tgz",
			"integrity": "sha512-f2dvO0VU6Oej7RkWJGrehjbzMAjFp5/VKPp5tTpWIV4JHHZK1/BxbFRtf/siA2SWTe09caDmVtYYzWEIbBS4zw==",
			"requires": {
				"function-bind": "^1.1.1"
			}
		},
		"hsluv": {
			"version": "0.0.3",
			"resolved": "https://registry.npmjs.org/hsluv/-/hsluv-0.0.3.tgz",
			"integrity": "sha1-gpEH2vtKn4tSoYCe0C4JHq3mdUw="
		},
		"impetus": {
			"version": "0.8.7",
			"resolved": "https://registry.npmjs.org/impetus/-/impetus-0.8.7.tgz",
			"integrity": "sha1-WVIcJWM5EenLxQkxdnnw8LiNkug="
		},
		"inherits": {
			"version": "2.0.3",
			"resolved": "https://registry.npmjs.org/inherits/-/inherits-2.0.3.tgz",
			"integrity": "sha1-Yzwsg+PaQqUC9SRmAiSA9CCCYd4="
		},
		"is-browser": {
			"version": "2.1.0",
			"resolved": "https://registry.npmjs.org/is-browser/-/is-browser-2.1.0.tgz",
			"integrity": "sha512-F5rTJxDQ2sW81fcfOR1GnCXT6sVJC104fCyfj+mjpwNEwaPYSn5fte5jiHmBg3DHsIoL/l8Kvw5VN5SsTRcRFQ=="
		},
		"is-finite": {
			"version": "1.0.2",
			"resolved": "https://registry.npmjs.org/is-finite/-/is-finite-1.0.2.tgz",
			"integrity": "sha1-zGZ3aVYCvlUO8R6LSqYwU0K20Ko=",
			"requires": {
				"number-is-nan": "^1.0.0"
			}
		},
		"is-firefox": {
			"version": "1.0.3",
			"resolved": "https://registry.npmjs.org/is-firefox/-/is-firefox-1.0.3.tgz",
			"integrity": "sha1-KioVZ3g6QX9uFYMjEI84YbCRhWI="
		},
		"is-plain-obj": {
			"version": "1.1.0",
			"resolved": "https://registry.npmjs.org/is-plain-obj/-/is-plain-obj-1.1.0.tgz",
			"integrity": "sha1-caUMhCnfync8kqOQpKA7OfzVHT4="
		},
		"isarray": {
			"version": "1.0.0",
			"resolved": "https://registry.npmjs.org/isarray/-/isarray-1.0.0.tgz",
			"integrity": "sha1-u5NdSFgsuhaMBoNJV6VKPgcSTxE="
		},
		"just-pick": {
			"version": "1.0.3",
			"resolved": "https://registry.npmjs.org/just-pick/-/just-pick-1.0.3.tgz",
			"integrity": "sha1-oi3CF0gqLB30ZVXGhYGhJz4w5X8="
		},
		"just-range": {
			"version": "1.0.1",
			"resolved": "https://registry.npmjs.org/just-range/-/just-range-1.0.1.tgz",
			"integrity": "sha1-k8+Bqku+ESvR2ntasGNt7jUTFhw="
		},
		"left-pad": {
			"version": "1.3.0",
			"resolved": "https://registry.npmjs.org/left-pad/-/left-pad-1.3.0.tgz",
			"integrity": "sha512-XI5MPzVNApjAyhQzphX8BkmKsKUxD4LdyK24iZeQGinBN9yTQT3bFlCBy/aVx2HrNcqQGsdot8ghrjyrvMCoEA=="
		},
		"lerp": {
			"version": "1.0.3",
			"resolved": "https://registry.npmjs.org/lerp/-/lerp-1.0.3.tgz",
			"integrity": "sha1-oYyJaPkXiW3hXM/MKNVaa3Med24="
		},
		"levn": {
			"version": "0.3.0",
			"resolved": "https://registry.npmjs.org/levn/-/levn-0.3.0.tgz",
			"integrity": "sha1-OwmSTt+fCDwEkP3UwLxEIeBHZO4=",
			"requires": {
				"prelude-ls": "~1.1.2",
				"type-check": "~0.3.2"
			}
		},
		"magic-string": {
			"version": "0.22.5",
			"resolved": "http://registry.npmjs.org/magic-string/-/magic-string-0.22.5.tgz",
			"integrity": "sha512-oreip9rJZkzvA8Qzk9HFs8fZGF/u7H/gtrE8EN6RjKJ9kh2HlC+yQ2QezifqTZfGyiuAV0dRv5a+y/8gBb1m9w==",
			"requires": {
				"vlq": "^0.2.2"
			}
		},
		"merge-source-map": {
			"version": "1.0.4",
			"resolved": "https://registry.npmjs.org/merge-source-map/-/merge-source-map-1.0.4.tgz",
			"integrity": "sha1-pd5GU42uhNQRTMXqArR3KmNGcB8=",
			"requires": {
				"source-map": "^0.5.6"
			},
			"dependencies": {
				"source-map": {
					"version": "0.5.7",
					"resolved": "https://registry.npmjs.org/source-map/-/source-map-0.5.7.tgz",
					"integrity": "sha1-igOdLRAh0i0eoUyA2OpGi6LvP8w="
				}
			}
		},
		"minimist": {
			"version": "1.2.0",
			"resolved": "http://registry.npmjs.org/minimist/-/minimist-1.2.0.tgz",
			"integrity": "sha1-o1AIsg9BOD7sH7kU9M1d95omQoQ="
		},
		"moment": {
			"version": "2.22.2",
			"resolved": "https://registry.npmjs.org/moment/-/moment-2.22.2.tgz",
			"integrity": "sha1-PCV/mDn8DpP/UxSWMiOeuQeD/2Y="
		},
		"mouse-event-offset": {
			"version": "3.0.2",
			"resolved": "https://registry.npmjs.org/mouse-event-offset/-/mouse-event-offset-3.0.2.tgz",
			"integrity": "sha1-39hqbiSMa6jK1TuQXVA3ogY+mYQ="
		},
		"mouse-wheel": {
			"version": "1.2.0",
			"resolved": "https://registry.npmjs.org/mouse-wheel/-/mouse-wheel-1.2.0.tgz",
			"integrity": "sha1-bSkDseqPtI5h8bU7kDZ3PwQs21w=",
			"requires": {
				"right-now": "^1.0.0",
				"signum": "^1.0.0",
				"to-px": "^1.0.1"
			}
		},
		"mumath": {
			"version": "3.3.4",
			"resolved": "https://registry.npmjs.org/mumath/-/mumath-3.3.4.tgz",
			"integrity": "sha1-SNSg8P2MrU57Mglu6JsWGmPTC78=",
			"requires": {
				"almost-equal": "^1.1.0"
			}
		},
		"number-is-integer": {
			"version": "1.0.1",
			"resolved": "https://registry.npmjs.org/number-is-integer/-/number-is-integer-1.0.1.tgz",
			"integrity": "sha1-5ZvKFy/+0nMY55x862y3LAlbIVI=",
			"requires": {
				"is-finite": "^1.0.1"
			}
		},
		"number-is-nan": {
			"version": "1.0.1",
			"resolved": "https://registry.npmjs.org/number-is-nan/-/number-is-nan-1.0.1.tgz",
			"integrity": "sha1-CXtgK1NCKlIsGvuHkDGDNpQaAR0="
		},
		"object-assign": {
			"version": "4.1.1",
			"resolved": "https://registry.npmjs.org/object-assign/-/object-assign-4.1.1.tgz",
			"integrity": "sha1-IQmtx5ZYh8/AXLvUQsrIv7s2CGM="
		},
		"object-inspect": {
			"version": "1.4.1",
			"resolved": "https://registry.npmjs.org/object-inspect/-/object-inspect-1.4.1.tgz",
			"integrity": "sha512-wqdhLpfCUbEsoEwl3FXwGyv8ief1k/1aUdIPCqVnupM6e8l63BEJdiF/0swtn04/8p05tG/T0FrpTlfwvljOdw=="
		},
		"object-keys": {
			"version": "1.0.12",
			"resolved": "https://registry.npmjs.org/object-keys/-/object-keys-1.0.12.tgz",
			"integrity": "sha512-FTMyFUm2wBcGHnH2eXmz7tC6IwlqQZ6mVZ+6dm6vZ4IQIHjs6FdNsQBuKGPuUUUY6NfJw2PshC08Tn6LzLDOag=="
		},
		"optionator": {
			"version": "0.8.2",
			"resolved": "https://registry.npmjs.org/optionator/-/optionator-0.8.2.tgz",
			"integrity": "sha1-NkxeQJ0/TWMB1sC0wFu6UBgK62Q=",
			"requires": {
				"deep-is": "~0.1.3",
				"fast-levenshtein": "~2.0.4",
				"levn": "~0.3.0",
				"prelude-ls": "~1.1.2",
				"type-check": "~0.3.2",
				"wordwrap": "~1.0.0"
			}
		},
		"pan-zoom": {
			"version": "2.3.2",
			"resolved": "http://registry.npmjs.org/pan-zoom/-/pan-zoom-2.3.2.tgz",
			"integrity": "sha512-tn8GSFctdf0mYi9asjJixmTUek9dxz7h2+RcOI1522cQ1l0iT/XOrEk5pDZyq2Do/OFU5g0BSrLoVTh9wriO+w==",
			"requires": {
				"impetus": "^0.8.3",
				"mouse-wheel": "^1.2.0",
				"touch-pinch": "^1.0.0",
				"touch-position": "^2.0.0"
			}
		},
		"parse-unit": {
			"version": "1.0.1",
			"resolved": "https://registry.npmjs.org/parse-unit/-/parse-unit-1.0.1.tgz",
			"integrity": "sha1-fhu21b7zh0wo45JSaiVBFwKR7s8="
		},
		"path-parse": {
			"version": "1.0.6",
			"resolved": "https://registry.npmjs.org/path-parse/-/path-parse-1.0.6.tgz",
			"integrity": "sha512-GSmOT2EbHrINBf9SR7CDELwlJ8AENk3Qn7OikK4nFYAu3Ote2+JYNVvkpAEQm3/TLNEJFD/xZJjzyxg3KBWOzw=="
		},
		"performance-now": {
			"version": "2.1.0",
			"resolved": "https://registry.npmjs.org/performance-now/-/performance-now-2.1.0.tgz",
			"integrity": "sha1-Ywn04OX6kT7BxpMHrjZLSzd8nns="
		},
		"plot-grid": {
			"version": "2.4.2",
			"resolved": "https://registry.npmjs.org/plot-grid/-/plot-grid-2.4.2.tgz",
			"integrity": "sha512-RkGFxqr6TFq9dT0CGrydZxpZUlZ0fK9sHkMCue88P96jyHRpTY0tGe+H/anrvwkQZEYDAcUJN+X3udVixVivsA==",
			"requires": {
				"almost-equal": "^1.1.0",
				"brfs": "^1.4.3",
				"canvas-loop": "^1.0.7",
				"color-alpha": "^1.0.2",
				"color-rgba": "^1.1.0",
				"gl-util": "^1.1.6",
				"inherits": "^2.0.3",
				"is-browser": "^2.0.1",
				"is-plain-obj": "^1.1.0",
				"just-pick": "^1.0.3",
				"just-range": "^1.0.0",
				"left-pad": "^1.1.3",
				"mumath": "^3.3.4",
				"object-assign": "^4.1.0",
				"pan-zoom": "^2.0.0",
				"parse-unit": "^1.0.1",
				"to-px": "^1.0.1"
			}
		},
		"prelude-ls": {
			"version": "1.1.2",
			"resolved": "https://registry.npmjs.org/prelude-ls/-/prelude-ls-1.1.2.tgz",
			"integrity": "sha1-IZMqVJ9eUv/ZqCf1cOBL5iqX2lQ="
		},
		"pretty-number": {
			"version": "1.0.7",
			"resolved": "https://registry.npmjs.org/pretty-number/-/pretty-number-1.0.7.tgz",
			"integrity": "sha1-aG7HU6PDfNp5EkVgFt96/XEcOzA="
		},
		"process-nextick-args": {
			"version": "2.0.0",
			"resolved": "https://registry.npmjs.org/process-nextick-args/-/process-nextick-args-2.0.0.tgz",
			"integrity": "sha512-MtEC1TqN0EU5nephaJ4rAtThHtC86dNN9qCuEhtshvpVBkAW5ZO7BASN9REnF9eoXGcRub+pFuKEpOHE+HbEMw=="
		},
		"quote-stream": {
			"version": "1.0.2",
			"resolved": "https://registry.npmjs.org/quote-stream/-/quote-stream-1.0.2.tgz",
			"integrity": "sha1-hJY/jJwmuULhU/7rU6rnRlK34LI=",
			"requires": {
				"buffer-equal": "0.0.1",
				"minimist": "^1.1.3",
				"through2": "^2.0.0"
			}
		},
		"raf": {
			"version": "3.4.1",
			"resolved": "https://registry.npmjs.org/raf/-/raf-3.4.1.tgz",
			"integrity": "sha512-Sq4CW4QhwOHE8ucn6J34MqtZCeWFP2aQSmrlroYgqAV1PjStIhJXxYuTgUIfkEk7zTLjmIjLmU5q+fbD1NnOJA==",
			"requires": {
				"performance-now": "^2.1.0"
			}
		},
		"raf-loop": {
			"version": "1.1.3",
			"resolved": "https://registry.npmjs.org/raf-loop/-/raf-loop-1.1.3.tgz",
			"integrity": "sha1-h0emmilhUZcgaVS85HfT5l5lkpk=",
			"requires": {
				"events": "^1.0.2",
				"inherits": "^2.0.1",
				"raf": "^3.0.0",
				"right-now": "^1.0.0"
			}
		},
		"readable-stream": {
			"version": "2.3.6",
			"resolved": "http://registry.npmjs.org/readable-stream/-/readable-stream-2.3.6.tgz",
			"integrity": "sha512-tQtKA9WIAhBF3+VLAseyMqZeBjW0AHJoxOtYqSUZNJxauErmLbVm2FW1y+J/YA9dUrAC39ITejlZWhVIwawkKw==",
			"requires": {
				"core-util-is": "~1.0.0",
				"inherits": "~2.0.3",
				"isarray": "~1.0.0",
				"process-nextick-args": "~2.0.0",
				"safe-buffer": "~5.1.1",
				"string_decoder": "~1.1.1",
				"util-deprecate": "~1.0.1"
			}
		},
		"resolve": {
			"version": "1.8.1",
			"resolved": "https://registry.npmjs.org/resolve/-/resolve-1.8.1.tgz",
			"integrity": "sha512-AicPrAC7Qu1JxPCZ9ZgCZlY35QgFnNqc+0LtbRNxnVw4TXvjQ72wnuL9JQcEBgXkI9JM8MsT9kaQoHcpCRJOYA==",
			"requires": {
				"path-parse": "^1.0.5"
			}
		},
		"right-now": {
			"version": "1.0.0",
			"resolved": "https://registry.npmjs.org/right-now/-/right-now-1.0.0.tgz",
			"integrity": "sha1-bolgne69fc2vja7Mmuo5z1haCRg="
		},
		"safe-buffer": {
			"version": "5.1.2",
			"resolved": "https://registry.npmjs.org/safe-buffer/-/safe-buffer-5.1.2.tgz",
			"integrity": "sha512-Gd2UZBJDkXlY7GbJxfsE8/nvKkUEU1G38c1siN6QP6a9PT9MmHB8GnpscSmMJSoF8LOIrt8ud/wPtojys4G6+g=="
		},
		"shallow-copy": {
			"version": "0.0.1",
			"resolved": "https://registry.npmjs.org/shallow-copy/-/shallow-copy-0.0.1.tgz",
			"integrity": "sha1-QV9CcC1z2BAzApLMXuhurhoRoXA="
		},
		"signum": {
			"version": "1.0.0",
			"resolved": "https://registry.npmjs.org/signum/-/signum-1.0.0.tgz",
			"integrity": "sha1-dKfSvyogtA66FqkrFSEk8dVZ+nc="
		},
		"source-map": {
			"version": "0.6.1",
			"resolved": "https://registry.npmjs.org/source-map/-/source-map-0.6.1.tgz",
			"integrity": "sha512-UjgapumWlbMhkBgzT7Ykc5YXUT46F0iKu8SGXq0bcwP5dz/h0Plj6enJqjz1Zbq2l5WaqYnrVbwWOWMyF3F47g==",
			"optional": true
		},
		"static-eval": {
			"version": "2.0.0",
			"resolved": "https://registry.npmjs.org/static-eval/-/static-eval-2.0.0.tgz",
			"integrity": "sha512-6flshd3F1Gwm+Ksxq463LtFd1liC77N/PX1FVVc3OzL3hAmo2fwHFbuArkcfi7s9rTNsLEhcRmXGFZhlgy40uw==",
			"requires": {
				"escodegen": "^1.8.1"
			}
		},
		"static-module": {
			"version": "2.2.5",
			"resolved": "https://registry.npmjs.org/static-module/-/static-module-2.2.5.tgz",
			"integrity": "sha512-D8vv82E/Kpmz3TXHKG8PPsCPg+RAX6cbCOyvjM6x04qZtQ47EtJFVwRsdov3n5d6/6ynrOY9XB4JkaZwB2xoRQ==",
			"requires": {
				"concat-stream": "~1.6.0",
				"convert-source-map": "^1.5.1",
				"duplexer2": "~0.1.4",
				"escodegen": "~1.9.0",
				"falafel": "^2.1.0",
				"has": "^1.0.1",
				"magic-string": "^0.22.4",
				"merge-source-map": "1.0.4",
				"object-inspect": "~1.4.0",
				"quote-stream": "~1.0.2",
				"readable-stream": "~2.3.3",
				"shallow-copy": "~0.0.1",
				"static-eval": "^2.0.0",
				"through2": "~2.0.3"
			}
		},
		"string_decoder": {
			"version": "1.1.1",
			"resolved": "https://registry.npmjs.org/string_decoder/-/string_decoder-1.1.1.tgz",
			"integrity": "sha512-n/ShnvDi6FHbbVfviro+WojiFzv+s8MPMHBczVePfUpDJLwoLT0ht1l4YwBCbi8pJAveEEdnkHyPyTP/mzRfwg==",
			"requires": {
				"safe-buffer": "~5.1.0"
			}
		},
		"through2": {
			"version": "2.0.5",
			"resolved": "https://registry.npmjs.org/through2/-/through2-2.0.5.tgz",
			"integrity": "sha512-/mrRod8xqpA+IHSLyGCQ2s8SPHiCDEeQJSep1jqLYeEUClOFG2Qsh+4FU6G9VeqpZnGW/Su8LQGc4YKni5rYSQ==",
			"requires": {
				"readable-stream": "~2.3.6",
				"xtend": "~4.0.1"
			}
		},
		"to-px": {
			"version": "1.0.1",
			"resolved": "https://registry.npmjs.org/to-px/-/to-px-1.0.1.tgz",
			"integrity": "sha1-W7rtXl1PdkRbzJA8KTojB90yRkY=",
			"requires": {
				"parse-unit": "^1.0.1"
			}
		},
		"touch-pinch": {
			"version": "1.0.1",
			"resolved": "https://registry.npmjs.org/touch-pinch/-/touch-pinch-1.0.1.tgz",
			"integrity": "sha1-UvKu7iYxOXMFcNDM341EOpKzs20=",
			"requires": {
				"dprop": "^1.0.0",
				"events": "^1.0.2",
				"gl-vec2": "^1.0.0",
				"mouse-event-offset": "^3.0.2"
			}
		},
		"touch-position": {
			"version": "2.0.0",
			"resolved": "https://registry.npmjs.org/touch-position/-/touch-position-2.0.0.tgz",
			"integrity": "sha1-26fMf26PoZKIFS0inhW33FyCQoY=",
			"requires": {
				"events": "^1.0.2",
				"mouse-event-offset": "^3.0.2"
			}
		},
		"type-check": {
			"version": "0.3.2",
			"resolved": "https://registry.npmjs.org/type-check/-/type-check-0.3.2.tgz",
			"integrity": "sha1-WITKtRLPHTVeP7eE8wgEsrUg23I=",
			"requires": {
				"prelude-ls": "~1.1.2"
			}
		},
		"typedarray": {
			"version": "0.0.6",
			"resolved": "https://registry.npmjs.org/typedarray/-/typedarray-0.0.6.tgz",
			"integrity": "sha1-hnrHTjhkGHsdPUfZlqeOxciDB3c="
		},
		"util-deprecate": {
			"version": "1.0.2",
			"resolved": "https://registry.npmjs.org/util-deprecate/-/util-deprecate-1.0.2.tgz",
			"integrity": "sha1-RQ1Nyfpw3nMnYvvS1KKJgUGaDM8="
		},
		"vlq": {
			"version": "0.2.3",
			"resolved": "https://registry.npmjs.org/vlq/-/vlq-0.2.3.tgz",
			"integrity": "sha512-DRibZL6DsNhIgYQ+wNdWDL2SL3bKPlVrRiBqV5yuMm++op8W4kGFtaQfCs4KEJn0wBZcHVHJ3eoywX8983k1ow=="
		},
		"weakmap-shim": {
			"version": "1.1.1",
			"resolved": "https://registry.npmjs.org/weakmap-shim/-/weakmap-shim-1.1.1.tgz",
			"integrity": "sha1-1lr9eEEJshZuAP9XHDMVDsKkC0k="
		},
		"webgl-context": {
			"version": "2.2.0",
			"resolved": "https://registry.npmjs.org/webgl-context/-/webgl-context-2.2.0.tgz",
			"integrity": "sha1-jzfXJXz23xzQpJ5qextyG5TMhqA=",
			"requires": {
				"get-canvas-context": "^1.0.1"
			}
		},
		"wordwrap": {
			"version": "1.0.0",
			"resolved": "https://registry.npmjs.org/wordwrap/-/wordwrap-1.0.0.tgz",
			"integrity": "sha1-J1hIEIkUVqQXHI0CJkQa3pDLyus="
		},
		"xtend": {
			"version": "4.0.1",
			"resolved": "https://registry.npmjs.org/xtend/-/xtend-4.0.1.tgz",
			"integrity": "sha1-pcbVMr5lbiPbgg77lDofBJmNY68="
		}
	}
}
